
Microsoft Visual Studio Solution File, Format Version 12.00
# Visual Studio Version 17
VisualStudioVersion = 17.11.35431.28
MinimumVisualStudioVersion = 10.0.40219.1
Project("{FAE04EC0-301F-11D3-BF4B-00C04F79EFBC}") = "Wk7Ex3", "Wk7Ex3.csproj", "{F8CC21E1-A5B6-4DFD-88CC-A5D4EA784DC4}"
EndProject
Global
	GlobalSection(SolutionConfigurationPlatforms) = preSolution
		Debug|Any CPU = Debug|Any CPU
		Release|Any CPU = Release|Any CPU
	EndGlobalSection
	GlobalSection(ProjectConfigurationPlatforms) = postSolution
		{F8CC21E1-A5B6-4DFD-88CC-A5D4EA784DC4}.Debug|Any CPU.ActiveCfg = Debug|Any CPU
		{F8CC21E1-A5B6-4DFD-88CC-A5D4EA784DC4}.Debug|Any CPU.Build.0 = Debug|Any CPU
		{F8CC21E1-A5B6-4DFD-88CC-A5D4EA784DC4}.Release|Any CPU.ActiveCfg = Release|Any CPU
		{F8CC21E1-A5B6-4DFD-88CC-A5D4EA784DC4}.Release|Any CPU.Build.0 = Release|Any CPU
	EndGlobalSection
	GlobalSection(SolutionProperties) = preSolution
		HideSolutionNode = FALSE
	EndGlobalSection
	GlobalSection(ExtensibilityGlobals) = postSolution
		SolutionGuid = {CD895B94-A28C-4076-8FF4-04B359D273D4}
	EndGlobalSection
EndGlobal
